// !$*UTF8*$!
{
	archiveVersion = 1;
	classes = {
	};
	objectVersion = 56;
	objects = {

/* Begin PBXBuildFile section */
		394515202A744608001B3559 /* AppDelegate.swift in Sources */ = {isa = PBXBuildFile; fileRef = 3945151F2A744608001B3559 /* AppDelegate.swift */; };
		394515222A744608001B3559 /* SceneDelegate.swift in Sources */ = {isa = PBXBuildFile; fileRef = 394515212A744608001B3559 /* SceneDelegate.swift */; };
		394515242A744608001B3559 /* ViewController.swift in Sources */ = {isa = PBXBuildFile; fileRef = 394515232A744608001B3559 /* ViewController.swift */; };
		394515272A744608001B3559 /* Main.storyboard in Resources */ = {isa = PBXBuildFile; fileRef = 394515252A744608001B3559 /* Main.storyboard */; };
		394515292A744609001B3559 /* Assets.xcassets in Resources */ = {isa = PBXBuildFile; fileRef = 394515282A744609001B3559 /* Assets.xcassets */; };
		3945152C2A744609001B3559 /* LaunchScreen.storyboard in Resources */ = {isa = PBXBuildFile; fileRef = 3945152A2A744609001B3559 /* LaunchScreen.storyboard */; };
		39A23D052A74684200DDD1BC /* 7.wav in Resources */ = {isa = PBXBuildFile; fileRef = 39A23CFE2A74684200DDD1BC /* 7.wav */; };
		39A23D062A74684200DDD1BC /* 2.wav in Resources */ = {isa = PBXBuildFile; fileRef = 39A23CFF2A74684200DDD1BC /* 2.wav */; };
		39A23D072A74684200DDD1BC /* 1.wav in Resources */ = {isa = PBXBuildFile; fileRef = 39A23D002A74684200DDD1BC /* 1.wav */; };
		39A23D082A74684200DDD1BC /* 3.wav in Resources */ = {isa = PBXBuildFile; fileRef = 39A23D012A74684200DDD1BC /* 3.wav */; };
		39A23D092A74684200DDD1BC /* 5.wav in Resources */ = {isa = PBXBuildFile; fileRef = 39A23D022A74684200DDD1BC /* 5.wav */; };
		39A23D0A2A74684200DDD1BC /* 4.wav in Resources */ = {isa = PBXBuildFile; fileRef = 39A23D032A74684200DDD1BC /* 4.wav */; };
		39A23D0B2A74684200DDD1BC /* 6.wav in Resources */ = {isa = PBXBuildFile; fileRef = 39A23D042A74684200DDD1BC /* 6.wav */; };
/* End PBXBuildFile section */

/* Begin PBXFileReference section */
		3945151C2A744608001B3559 /* Still Dre Xylophone.app */ = {isa = PBXFileReference; explicitFileType = wrapper.application; includeInIndex = 0; path = "Still Dre Xylophone.app"; sourceTree = BUILT_PRODUCTS_DIR; };
		3945151F2A744608001B3559 /* AppDelegate.swift */ = {isa = PBXFileReference; lastKnownFileType = sourcecode.swift; path = AppDelegate.swift; sourceTree = "<group>"; };
		394515212A744608001B3559 /* SceneDelegate.swift */ = {isa = PBXFileReference; lastKnownFileType = sourcecode.swift; path = SceneDelegate.swift; sourceTree = "<group>"; };
		394515232A744608001B3559 /* ViewController.swift */ = {isa = PBXFileReference; lastKnownFileType = sourcecode.swift; path = ViewController.swift; sourceTree = "<group>"; };
		394515262A744608001B3559 /* Base */ = {isa = PBXFileReference; lastKnownFileType = file.storyboard; name = Base; path = Base.lproj/Main.storyboard; sourceTree = "<group>"; };
		394515282A744609001B3559 /* Assets.xcassets */ = {isa = PBXFileReference; lastKnownFileType = folder.assetcatalog; path = Assets.xcassets; sourceTree = "<group>"; };
		3945152B2A744609001B3559 /* Base */ = {isa = PBXFileReference; lastKnownFileType = file.storyboard; name = Base; path = Base.lproj/LaunchScreen.storyboard; sourceTree = "<group>"; };
		3945152D2A744609001B3559 /* Info.plist */ = {isa = PBXFileReference; lastKnownFileType = text.plist.xml; path = Info.plist; sourceTree = "<group>"; };
		39A23CFE2A74684200DDD1BC /* 7.wav */ = {isa = PBXFileReference; lastKnownFileType = audio.wav; path = 7.wav; sourceTree = "<group>"; };
		39A23CFF2A74684200DDD1BC /* 2.wav */ = {isa = PBXFileReference; lastKnownFileType = audio.wav; path = 2.wav; sourceTree = "<group>"; };
		39A23D002A74684200DDD1BC /* 1.wav */ = {isa = PBXFileReference; lastKnownFileType = audio.wav; path = 1.wav; sourceTree = "<group>"; };
		39A23D012A74684200DDD1BC /* 3.wav */ = {isa = PBXFileReference; lastKnownFileType = audio.wav; path = 3.wav; sourceTree = "<group>"; };
		39A23D022A74684200DDD1BC /* 5.wav */ = {isa = PBXFileReference; lastKnownFileType = audio.wav; path = 5.wav; sourceTree = "<group>"; };
		39A23D032A74684200DDD1BC /* 4.wav */ = {isa = PBXFileReference; lastKnownFileType = audio.wav; path = 4.wav; sourceTree = "<group>"; };
		39A23D042A74684200DDD1BC /* 6.wav */ = {isa = PBXFileReference; lastKnownFileType = audio.wav; path = 6.wav; sourceTree = "<group>"; };
/* End PBXFileReference section */

/* Begin PBXFrameworksBuildPhase section */
		394515192A744608001B3559 /* Frameworks */ = {
			isa = PBXFrameworksBuildPhase;
			buildActionMask = 2147483647;
			files = (
			);
			runOnlyForDeploymentPostprocessing = 0;
		};
/* End PBXFrameworksBuildPhase section */

/* Begin PBXGroup section */
		394515132A744608001B3559 = {
			isa = PBXGroup;
			children = (
				3945151E2A744608001B3559 /* Still Dre Xylophone */,
				3945151D2A744608001B3559 /* Products */,
			);
			sourceTree = "<group>";
		};
		3945151D2A744608001B3559 /* Products */ = {
			isa = PBXGroup;
			children = (
				3945151C2A744608001B3559 /* Still Dre Xylophone.app */,
			);
			name = Products;
			sourceTree = "<group>";
		};
		3945151E2A744608001B3559 /* Still Dre Xylophone */ = {
			isa = PBXGroup;
			children = (
				3945151F2A744608001B3559 /* AppDelegate.swift */,
				394515212A744608001B3559 /* SceneDelegate.swift */,
				394515232A744608001B3559 /* ViewController.swift */,
				394515252A744608001B3559 /* Main.storyboard */,
				394515282A744609001B3559 /* Assets.xcassets */,
				3945152A2A744609001B3559 /* LaunchScreen.storyboard */,
				3945152D2A744609001B3559 /* Info.plist */,
				39A23D002A74684200DDD1BC /* 1.wav */,
				39A23CFF2A74684200DDD1BC /* 2.wav */,
				39A23D012A74684200DDD1BC /* 3.wav */,
				39A23D032A74684200DDD1BC /* 4.wav */,
				39A23D022A74684200DDD1BC /* 5.wav */,
				39A23D042A74684200DDD1BC /* 6.wav */,
				39A23CFE2A74684200DDD1BC /* 7.wav */,
			);
			path = "Still Dre Xylophone";
			sourceTree = "<group>";
		};
/* End PBXGroup section */

/* Begin PBXNativeTarget section */
		3945151B2A744608001B3559 /* Still Dre Xylophone */ = {
			isa = PBXNativeTarget;
			buildConfigurationList = 394515302A744609001B3559 /* Build configuration list for PBXNativeTarget "Still Dre Xylophone" */;
			buildPhases = (
				394515182A744608001B3559 /* Sources */,
				394515192A744608001B3559 /* Frameworks */,
				3945151A2A744608001B3559 /* Resources */,
			);
			buildRules = (
			);
			dependencies = (
			);
			name = "Still Dre Xylophone";
			productName = "Still Dre Xylophone";
			productReference = 3945151C2A744608001B3559 /* Still Dre Xylophone.app */;
			productType = "com.apple.product-type.application";
		};
/* End PBXNativeTarget section */

/* Begin PBXProject section */
		394515142A744608001B3559 /* Project object */ = {
			isa = PBXProject;
			attributes = {
				BuildIndependentTargetsInParallel = 1;
				KnownAssetTags = (
					1,
				);
				LastSwiftUpdateCheck = 1430;
				LastUpgradeCheck = 1430;
				TargetAttributes = {
					3945151B2A744608001B3559 = {
						CreatedOnToolsVersion = 14.3.1;
					};
				};
			};
			buildConfigurationList = 394515172A744608001B3559 /* Build configuration list for PBXProject "Still Dre Xylophone" */;
			compatibilityVersion = "Xcode 14.0";
			developmentRegion = en;
			hasScannedForEncodings = 0;
			knownRegions = (
				en,
				Base,
			);
			mainGroup = 394515132A744608001B3559;
			productRefGroup = 3945151D2A744608001B3559 /* Products */;
			projectDirPath = "";
			projectRoot = "";
			targets = (
				3945151B2A744608001B3559 /* Still Dre Xylophone */,
			);
		};
/* End PBXProject section */

/* Begin PBXResourcesBuildPhase section */
		3945151A2A744608001B3559 /* Resources */ = {
			isa = PBXResourcesBuildPhase;
			buildActionMask = 2147483647;
			files = (
				39A23D052A74684200DDD1BC /* 7.wav in Resources */,
				39A23D062A74684200DDD1BC /* 2.wav in Resources */,
				39A23D072A74684200DDD1BC /* 1.wav in Resources */,
				39A23D082A74684200DDD1BC /* 3.wav in Resources */,
				39A23D092A74684200DDD1BC /* 5.wav in Resources */,
				39A23D0A2A74684200DDD1BC /* 4.wav in Resources */,
				39A23D0B2A74684200DDD1BC /* 6.wav in Resources */,
				3945152C2A744609001B3559 /* LaunchScreen.storyboard in Resources */,
				394515292A744609001B3559 /* Assets.xcassets in Resources */,
				394515272A744608001B3559 /* Main.storyboard in Resources */,
			);
			runOnlyForDeploymentPostprocessing = 0;
		};
/* End PBXResourcesBuildPhase section */

/* Begin PBXSourcesBuildPhase section */
		394515182A744608001B3559 /* Sources */ = {
			isa = PBXSourcesBuildPhase;
			buildActionMask = 2147483647;
			files = (
				394515242A744608001B3559 /* ViewController.swift in Sources */,
				394515202A744608001B3559 /* AppDelegate.swift in Sources */,
				394515222A744608001B3559 /* SceneDelegate.swift in Sources */,
			);
			runOnlyForDeploymentPostprocessing = 0;
		};
/* End PBXSourcesBuildPhase section */

/* Begin PBXVariantGroup section */
		394515252A744608001B3559 /* Main.storyboard */ = {
			isa = PBXVariantGroup;
			children = (
				394515262A744608001B3559 /* Base */,
			);
			name = Main.storyboard;
			sourceTree = "<group>";
		};
		3945152A2A744609001B3559 /* LaunchScreen.storyboard */ = {
			isa = PBXVariantGroup;
			children = (
				3945152B2A744609001B3559 /* Base */,
			);
			name = LaunchScreen.storyboard;
			sourceTree = "<group>";
		};
/* End PBXVariantGroup section */

/* Begin XCBuildConfiguration section */
		3945152E2A744609001B3559 /* Debug */ = {
			isa = XCBuildConfiguration;
			buildSettings = {
				ALWAYS_SEARCH_USER_PATHS = NO;
				CLANG_ANALYZER_NONNULL = YES;
				CLANG_ANALYZER_NUMBER_OBJECT_CONVERSION = YES_AGGRESSIVE;
				CLANG_CXX_LANGUAGE_STANDARD = "gnu++20";
				CLANG_ENABLE_MODULES = YES;
				CLANG_ENABLE_OBJC_ARC = YES;
				CLANG_ENABLE_OBJC_WEAK = YES;
				CLANG_WARN_BLOCK_CAPTURE_AUTORELEASING = YES;
				CLANG_WARN_BOOL_CONVERSION = YES;
				CLANG_WARN_COMMA = YES;
				CLANG_WARN_CONSTANT_CONVERSION = YES;
				CLANG_WARN_DEPRECATED_OBJC_IMPLEMENTATIONS = YES;
				CLANG_WARN_DIRECT_OBJC_ISA_USAGE = YES_ERROR;
				CLANG_WARN_DOCUMENTATION_COMMENTS = YES;
				CLANG_WARN_EMPTY_BODY = YES;
				CLANG_WARN_ENUM_CONVERSION = YES;
				CLANG_WARN_INFINITE_RECURSION = YES;
				CLANG_WARN_INT_CONVERSION = YES;
				CLANG_WARN_NON_LITERAL_NULL_CONVERSION = YES;
				CLANG_WARN_OBJC_IMPLICIT_RETAIN_SELF = YES;
				CLANG_WARN_OBJC_LITERAL_CONVERSION = YES;
				CLANG_WARN_OBJC_ROOT_CLASS = YES_ERROR;
				CLANG_WARN_QUOTED_INCLUDE_IN_FRAMEWORK_HEADER = YES;
				CLANG_WARN_RANGE_LOOP_ANALYSIS = YES;
				CLANG_WARN_STRICT_PROTOTYPES = YES;
				CLANG_WARN_SUSPICIOUS_MOVE = YES;
				CLANG_WARN_UNGUARDED_AVAILABILITY = YES_AGGRESSIVE;
				CLANG_WARN_UNREACHABLE_CODE = YES;
				CLANG_WARN__DUPLICATE_METHOD_MATCH = YES;
				COPY_PHASE_STRIP = NO;
				DEBUG_INFORMATION_FORMAT = dwarf;
				ENABLE_STRICT_OBJC_MSGSEND = YES;
				ENABLE_TESTABILITY = YES;
				GCC_C_LANGUAGE_STANDARD = gnu11;
				GCC_DYNAMIC_NO_PIC = NO;
				GCC_NO_COMMON_BLOCKS = YES;
				GCC_OPTIMIZATION_LEVEL = 0;
				GCC_PREPROCESSOR_DEFINITIONS = (
					"DEBUG=1",
					"$(inherited)",
				);
				GCC_WARN_64_TO_32_BIT_CONVERSION = YES;
				GCC_WARN_ABOUT_RETURN_TYPE = YES_ERROR;
				GCC_WARN_UNDECLARED_SELECTOR = YES;
				GCC_WARN_UNINITIALIZED_AUTOS = YES_AGGRESSIVE;
				GCC_WARN_UNUSED_FUNCTION = YES;
				GCC_WARN_UNUSED_VARIABLE = YES;
				IPHONEOS_DEPLOYMENT_TARGET = 16.0;
				MTL_ENABLE_DEBUG_INFO = INCLUDE_SOURCE;
				MTL_FAST_MATH = YES;
				ONLY_ACTIVE_ARCH = YES;
				SDKROOT = iphoneos;
				SWIFT_ACTIVE_COMPILATION_CONDITIONS = DEBUG;
				SWIFT_OPTIMIZATION_LEVEL = "-Onone";
			};
			name = Debug;
		};
		3945152F2A744609001B3559 /* Release */ = {
			isa = XCBuildConfiguration;
			buildSettings = {
				ALWAYS_SEARCH_USER_PATHS = NO;
				CLANG_ANALYZER_NONNULL = YES;
				CLANG_ANALYZER_NUMBER_OBJECT_CONVERSION = YES_AGGRESSIVE;
				CLANG_CXX_LANGUAGE_STANDARD = "gnu++20";
				CLANG_ENABLE_MODULES = YES;
				CLANG_ENABLE_OBJC_ARC = YES;
				CLANG_ENABLE_OBJC_WEAK = YES;
				CLANG_WARN_BLOCK_CAPTURE_AUTORELEASING = YES;
				CLANG_WARN_BOOL_CONVERSION = YES;
				CLANG_WARN_COMMA = YES;
				CLANG_WARN_CONSTANT_CONVERSION = YES;
				CLANG_WARN_DEPRECATED_OBJC_IMPLEMENTATIONS = YES;
				CLANG_WARN_DIRECT_OBJC_ISA_USAGE = YES_ERROR;
				CLANG_WARN_DOCUMENTATION_COMMENTS = YES;
				CLANG_WARN_EMPTY_BODY = YES;
				CLANG_WARN_ENUM_CONVERSION = YES;
				CLANG_WARN_INFINITE_RECURSION = YES;
				CLANG_WARN_INT_CONVERSION = YES;
				CLANG_WARN_NON_LITERAL_NULL_CONVERSION = YES;
				CLANG_WARN_OBJC_IMPLICIT_RETAIN_SELF = YES;
				CLANG_WARN_OBJC_LITERAL_CONVERSION = YES;
				CLANG_WARN_OBJC_ROOT_CLASS = YES_ERROR;
				CLANG_WARN_QUOTED_INCLUDE_IN_FRAMEWORK_HEADER = YES;
				CLANG_WARN_RANGE_LOOP_ANALYSIS = YES;
				CLANG_WARN_STRICT_PROTOTYPES = YES;
				CLANG_WARN_SUSPICIOUS_MOVE = YES;
				CLANG_WARN_UNGUARDED_AVAILABILITY = YES_AGGRESSIVE;
				CLANG_WARN_UNREACHABLE_CODE = YES;
				CLANG_WARN__DUPLICATE_METHOD_MATCH = YES;
				COPY_PHASE_STRIP = NO;
				DEBUG_INFORMATION_FORMAT = "dwarf-with-dsym";
				ENABLE_NS_ASSERTIONS = NO;
				ENABLE_STRICT_OBJC_MSGSEND = YES;
				GCC_C_LANGUAGE_STANDARD = gnu11;
				GCC_NO_COMMON_BLOCKS = YES;
				GCC_WARN_64_TO_32_BIT_CONVERSION = YES;
				GCC_WARN_ABOUT_RETURN_TYPE = YES_ERROR;
				GCC_WARN_UNDECLARED_SELECTOR = YES;
				GCC_WARN_UNINITIALIZED_AUTOS = YES_AGGRESSIVE;
				GCC_WARN_UNUSED_FUNCTION = YES;
				GCC_WARN_UNUSED_VARIABLE = YES;
				IPHONEOS_DEPLOYMENT_TARGET = 16.0;
				MTL_ENABLE_DEBUG_INFO = NO;
				MTL_FAST_MATH = YES;
				SDKROOT = iphoneos;
				SWIFT_COMPILATION_MODE = wholemodule;
				SWIFT_OPTIMIZATION_LEVEL = "-O";
				VALIDATE_PRODUCT = YES;
			};
			name = Release;
		};
		394515312A744609001B3559 /* Debug */ = {
			isa = XCBuildConfiguration;
			buildSettings = {
				ASSETCATALOG_COMPILER_APPICON_NAME = AppIcon;
				ASSETCATALOG_COMPILER_GLOBAL_ACCENT_COLOR_NAME = AccentColor;
				CODE_SIGN_STYLE = Automatic;
				CURRENT_PROJECT_VERSION = 1;
				DEVELOPMENT_TEAM = M537FVXGVM;
				GENERATE_INFOPLIST_FILE = YES;
				INFOPLIST_FILE = "Still Dre Xylophone/Info.plist";
				INFOPLIST_KEY_UIApplicationSupportsIndirectInputEvents = YES;
				INFOPLIST_KEY_UILaunchStoryboardName = LaunchScreen;
				INFOPLIST_KEY_UIMainStoryboardFile = Main;
				INFOPLIST_KEY_UISupportedInterfaceOrientations_iPad = "UIInterfaceOrientationPortrait UIInterfaceOrientationPortraitUpsideDown UIInterfaceOrientationLandscapeLeft UIInterfaceOrientationLandscapeRight";
				INFOPLIST_KEY_UISupportedInterfaceOrientations_iPhone = "UIInterfaceOrientationPortrait UIInterfaceOrientationLandscapeLeft UIInterfaceOrientationLandscapeRight";
				IPHONEOS_DEPLOYMENT_TARGET = 16.0;
				LD_RUNPATH_SEARCH_PATHS = (
					"$(inherited)",
					"@executable_path/Frameworks",
				);
				MARKETING_VERSION = 1.0;
				PRODUCT_BUNDLE_IDENTIFIER = "com.stilldrexylophone.Still-Dre-Xylophone";
				PRODUCT_NAME = "$(TARGET_NAME)";
				SWIFT_EMIT_LOC_STRINGS = YES;
				SWIFT_VERSION = 5.0;
				TARGETED_DEVICE_FAMILY = "1,2";
			};
			name = Debug;
		};
		394515322A744609001B3559 /* Release */ = {
			isa = XCBuildConfiguration;
			buildSettings = {
				ASSETCATALOG_COMPILER_APPICON_NAME = AppIcon;
				ASSETCATALOG_COMPILER_GLOBAL_ACCENT_COLOR_NAME = AccentColor;
				CODE_SIGN_STYLE = Automatic;
				CURRENT_PROJECT_VERSION = 1;
				DEVELOPMENT_TEAM = M537FVXGVM;
				GENERATE_INFOPLIST_FILE = YES;
				INFOPLIST_FILE = "Still Dre Xylophone/Info.plist";
				INFOPLIST_KEY_UIApplicationSupportsIndirectInputEvents = YES;
				INFOPLIST_KEY_UILaunchStoryboardName = LaunchScreen;
				INFOPLIST_KEY_UIMainStoryboardFile = Main;
				INFOPLIST_KEY_UISupportedInterfaceOrientations_iPad = "UIInterfaceOrientationPortrait UIInterfaceOrientationPortraitUpsideDown UIInterfaceOrientationLandscapeLeft UIInterfaceOrientationLandscapeRight";
				INFOPLIST_KEY_UISupportedInterfaceOrientations_iPhone = "UIInterfaceOrientationPortrait UIInterfaceOrientationLandscapeLeft UIInterfaceOrientationLandscapeRight";
				IPHONEOS_DEPLOYMENT_TARGET = 16.0;
				LD_RUNPATH_SEARCH_PATHS = (
					"$(inherited)",
					"@executable_path/Frameworks",
				);
				MARKETING_VERSION = 1.0;
				PRODUCT_BUNDLE_IDENTIFIER = "com.stilldrexylophone.Still-Dre-Xylophone";
				PRODUCT_NAME = "$(TARGET_NAME)";
				SWIFT_EMIT_LOC_STRINGS = YES;
				SWIFT_VERSION = 5.0;
				TARGETED_DEVICE_FAMILY = "1,2";
			};
			name = Release;
		};
/* End XCBuildConfiguration section */

/* Begin XCConfigurationList section */
		394515172A744608001B3559 /* Build configuration list for PBXProject "Still Dre Xylophone" */ = {
			isa = XCConfigurationList;
			buildConfigurations = (
				3945152E2A744609001B3559 /* Debug */,
				3945152F2A744609001B3559 /* Release */,
			);
			defaultConfigurationIsVisible = 0;
			defaultConfigurationName = Release;
		};
		394515302A744609001B3559 /* Build configuration list for PBXNativeTarget "Still Dre Xylophone" */ = {
			isa = XCConfigurationList;
			buildConfigurations = (
				394515312A744609001B3559 /* Debug */,
				394515322A744609001B3559 /* Release */,
			);
			defaultConfigurationIsVisible = 0;
			defaultConfigurationName = Release;
		};
/* End XCConfigurationList section */
	};
	rootObject = 394515142A744608001B3559 /* Project object */;
}
